// !$*UTF8*$!
{
	archiveVersion = 1;
	classes = {
	};
	objectVersion = 46;
	objects = {

/* Begin PBXBuildFile section */
		1442CD111DF8534B00D400EB /* AppDelegate.swift in Sources */ = {isa = PBXBuildFile; fileRef = 1442CD101DF8534B00D400EB /* AppDelegate.swift */; };
		1442CD131DF8534B00D400EB /* ViewController.swift in Sources */ = {isa = PBXBuildFile; fileRef = 1442CD121DF8534B00D400EB /* ViewController.swift */; };
		1442CD161DF8534B00D400EB /* Main.storyboard in Resources */ = {isa = PBXBuildFile; fileRef = 1442CD141DF8534B00D400EB /* Main.storyboard */; };
		1442CD181DF8534B00D400EB /* Assets.xcassets in Resources */ = {isa = PBXBuildFile; fileRef = 1442CD171DF8534B00D400EB /* Assets.xcassets */; };
		1442CD1B1DF8534B00D400EB /* LaunchScreen.storyboard in Resources */ = {isa = PBXBuildFile; fileRef = 1442CD191DF8534B00D400EB /* LaunchScreen.storyboard */; };
/* End PBXBuildFile section */

/* Begin PBXFileReference section */
		1442CD0D1DF8534B00D400EB /* Netflix Watchlist.app */ = {isa = PBXFileReference; explicitFileType = wrapper.application; includeInIndex = 0; path = "Netflix Watchlist.app"; sourceTree = BUILT_PRODUCTS_DIR; };
		1442CD101DF8534B00D400EB /* AppDelegate.swift */ = {isa = PBXFileReference; lastKnownFileType = sourcecode.swift; path = AppDelegate.swift; sourceTree = "<group>"; };
		1442CD121DF8534B00D400EB /* ViewController.swift */ = {isa = PBXFileReference; lastKnownFileType = sourcecode.swift; path = ViewController.swift; sourceTree = "<group>"; };
		1442CD151DF8534B00D400EB /* Base */ = {isa = PBXFileReference; lastKnownFileType = file.storyboard; name = Base; path = Base.lproj/Main.storyboard; sourceTree = "<group>"; };
		1442CD171DF8534B00D400EB /* Assets.xcassets */ = {isa = PBXFileReference; lastKnownFileType = folder.assetcatalog; path = Assets.xcassets; sourceTree = "<group>"; };
		1442CD1A1DF8534B00D400EB /* Base */ = {isa = PBXFileReference; lastKnownFileType = file.storyboard; name = Base; path = Base.lproj/LaunchScreen.storyboard; sourceTree = "<group>"; };
		1442CD1C1DF8534B00D400EB /* Info.plist */ = {isa = PBXFileReference; lastKnownFileType = text.plist.xml; path = Info.plist; sourceTree = "<group>"; };
/* End PBXFileReference section */

/* Begin PBXFrameworksBuildPhase section */
		1442CD0A1DF8534B00D400EB /* Frameworks */ = {
			isa = PBXFrameworksBuildPhase;
			buildActionMask = 2147483647;
			files = (
			);
			runOnlyForDeploymentPostprocessing = 0;
		};
/* End PBXFrameworksBuildPhase section */

/* Begin PBXGroup section */
		1442CD041DF8534A00D400EB = {
			isa = PBXGroup;
			children = (
				1442CD0F1DF8534B00D400EB /* Netflix Watchlist */,
				1442CD0E1DF8534B00D400EB /* Products */,
			);
			sourceTree = "<group>";
		};
		1442CD0E1DF8534B00D400EB /* Products */ = {
			isa = PBXGroup;
			children = (
				1442CD0D1DF8534B00D400EB /* Netflix Watchlist.app */,
			);
			name = Products;
			sourceTree = "<group>";
		};
		1442CD0F1DF8534B00D400EB /* Netflix Watchlist */ = {
			isa = PBXGroup;
			children = (
				1442CD101DF8534B00D400EB /* AppDelegate.swift */,
				1442CD121DF8534B00D400EB /* ViewController.swift */,
				1442CD141DF8534B00D400EB /* Main.storyboard */,
				1442CD171DF8534B00D400EB /* Assets.xcassets */,
				1442CD191DF8534B00D400EB /* LaunchScreen.storyboard */,
				1442CD1C1DF8534B00D400EB /* Info.plist */,
			);
			path = "Netflix Watchlist";
			sourceTree = "<group>";
		};
/* End PBXGroup section */

/* Begin PBXNativeTarget section */
		1442CD0C1DF8534B00D400EB /* Netflix Watchlist */ = {
			isa = PBXNativeTarget;
			buildConfigurationList = 1442CD1F1DF8534B00D400EB /* Build configuration list for PBXNativeTarget "Netflix Watchlist" */;
			buildPhases = (
				1442CD091DF8534B00D400EB /* Sources */,
				1442CD0A1DF8534B00D400EB /* Frameworks */,
				1442CD0B1DF8534B00D400EB /* Resources */,
			);
			buildRules = (
			);
			dependencies = (
			);
			name = "Netflix Watchlist";
			productName = "Netflix Watchlist";
			productReference = 1442CD0D1DF8534B00D400EB /* Netflix Watchlist.app */;
			productType = "com.apple.product-type.application";
		};
/* End PBXNativeTarget section */

/* Begin PBXProject section */
		1442CD051DF8534A00D400EB /* Project object */ = {
			isa = PBXProject;
			attributes = {
				LastSwiftUpdateCheck = 0810;
				LastUpgradeCheck = 0810;
				ORGANIZATIONNAME = "Vasco Meerman";
				TargetAttributes = {
					1442CD0C1DF8534B00D400EB = {
						CreatedOnToolsVersion = 8.1;
						DevelopmentTeam = 2JKKE59VQN;
						ProvisioningStyle = Automatic;
					};
				};
			};
			buildConfigurationList = 1442CD081DF8534A00D400EB /* Build configuration list for PBXProject "Netflix Watchlist" */;
			compatibilityVersion = "Xcode 3.2";
			developmentRegion = English;
			hasScannedForEncodings = 0;
			knownRegions = (
				en,
				Base,
			);
			mainGroup = 1442CD041DF8534A00D400EB;
			productRefGroup = 1442CD0E1DF8534B00D400EB /* Products */;
			projectDirPath = "";
			projectRoot = "";
			targets = (
				1442CD0C1DF8534B00D400EB /* Netflix Watchlist */,
			);
		};
/* End PBXProject section */

/* Begin PBXResourcesBuildPhase section */
		1442CD0B1DF8534B00D400EB /* Resources */ = {
			isa = PBXResourcesBuildPhase;
			buildActionMask = 2147483647;
			files = (
				1442CD1B1DF8534B00D400EB /* LaunchScreen.storyboard in Resources */,
				1442CD181DF8534B00D400EB /* Assets.xcassets in Resources */,
				1442CD161DF8534B00D400EB /* Main.storyboard in Resources */,
			);
			runOnlyForDeploymentPostprocessing = 0;
		};
/* End PBXResourcesBuildPhase section */

/* Begin PBXSourcesBuildPhase section */
		1442CD091DF8534B00D400EB /* Sources */ = {
			isa = PBXSourcesBuildPhase;
			buildActionMask = 2147483647;
			files = (
				1442CD131DF8534B00D400EB /* ViewController.swift in Sources */,
				1442CD111DF8534B00D400EB /* AppDelegate.swift in Sources */,
			);
			runOnlyForDeploymentPostprocessing = 0;
		};
/* End PBXSourcesBuildPhase section */

/* Begin PBXVariantGroup section */
		1442CD141DF8534B00D400EB /* Main.storyboard */ = {
			isa = PBXVariantGroup;
			children = (
				1442CD151DF8534B00D400EB /* Base */,
			);
			name = Main.storyboard;
			sourceTree = "<group>";
		};
		1442CD191DF8534B00D400EB /* LaunchScreen.storyboard */ = {
			isa = PBXVariantGroup;
			children = (
				1442CD1A1DF8534B00D400EB /* Base */,
			);
			name = LaunchScreen.storyboard;
			sourceTree = "<group>";
		};
/* End PBXVariantGroup section */

/* Begin XCBuildConfiguration section */
		1442CD1D1DF8534B00D400EB /* Debug */ = {
			isa = XCBuildConfiguration;
			buildSettings = {
				ALWAYS_SEARCH_USER_PATHS = NO;
				CLANG_ANALYZER_NONNULL = YES;
				CLANG_CXX_LANGUAGE_STANDARD = "gnu++0x";
				CLANG_CXX_LIBRARY = "libc++";
				CLANG_ENABLE_MODULES = YES;
				CLANG_ENABLE_OBJC_ARC = YES;
				CLANG_WARN_BOOL_CONVERSION = YES;
				CLANG_WARN_CONSTANT_CONVERSION = YES;
				CLANG_WARN_DIRECT_OBJC_ISA_USAGE = YES_ERROR;
				CLANG_WARN_DOCUMENTATION_COMMENTS = YES;
				CLANG_WARN_EMPTY_BODY = YES;
				CLANG_WARN_ENUM_CONVERSION = YES;
				CLANG_WARN_INFINITE_RECURSION = YES;
				CLANG_WARN_INT_CONVERSION = YES;
				CLANG_WARN_OBJC_ROOT_CLASS = YES_ERROR;
				CLANG_WARN_SUSPICIOUS_MOVES = YES;
				CLANG_WARN_UNREACHABLE_CODE = YES;
				CLANG_WARN__DUPLICATE_METHOD_MATCH = YES;
				"CODE_SIGN_IDENTITY[sdk=iphoneos*]" = "iPhone Developer";
				COPY_PHASE_STRIP = NO;
				DEBUG_INFORMATION_FORMAT = dwarf;
				ENABLE_STRICT_OBJC_MSGSEND = YES;
				ENABLE_TESTABILITY = YES;
				GCC_C_LANGUAGE_STANDARD = gnu99;
				GCC_DYNAMIC_NO_PIC = NO;
				GCC_NO_COMMON_BLOCKS = YES;
				GCC_OPTIMIZATION_LEVEL = 0;
				GCC_PREPROCESSOR_DEFINITIONS = (
					"DEBUG=1",
					"$(inherited)",
				);
				GCC_WARN_64_TO_32_BIT_CONVERSION = YES;
				GCC_WARN_ABOUT_RETURN_TYPE = YES_ERROR;
				GCC_WARN_UNDECLARED_SELECTOR = YES;
				GCC_WARN_UNINITIALIZED_AUTOS = YES_AGGRESSIVE;
				GCC_WARN_UNUSED_FUNCTION = YES;
				GCC_WARN_UNUSED_VARIABLE = YES;
				IPHONEOS_DEPLOYMENT_TARGET = 10.1;
				MTL_ENABLE_DEBUG_INFO = YES;
				ONLY_ACTIVE_ARCH = YES;
				SDKROOT = iphoneos;
				SWIFT_ACTIVE_COMPILATION_CONDITIONS = DEBUG;
				SWIFT_OPTIMIZATION_LEVEL = "-Onone";
				TARGETED_DEVICE_FAMILY = "1,2";
			};
			name = Debug;
		};
		1442CD1E1DF8534B00D400EB /* Release */ = {
			isa = XCBuildConfiguration;
			buildSettings = {
				ALWAYS_SEARCH_USER_PATHS = NO;
				CLANG_ANALYZER_NONNULL = YES;
				CLANG_CXX_LANGUAGE_STANDARD = "gnu++0x";
				CLANG_CXX_LIBRARY = "libc++";
				CLANG_ENABLE_MODULES = YES;
				CLANG_ENABLE_OBJC_ARC = YES;
				CLANG_WARN_BOOL_CONVERSION = YES;
				CLANG_WARN_CONSTANT_CONVERSION = YES;
				CLANG_WARN_DIRECT_OBJC_ISA_USAGE = YES_ERROR;
				CLANG_WARN_DOCUMENTATION_COMMENTS = YES;
				CLANG_WARN_EMPTY_BODY = YES;
				CLANG_WARN_ENUM_CONVERSION = YES;
				CLANG_WARN_INFINITE_RECURSION = YES;
				CLANG_WARN_INT_CONVERSION = YES;
				CLANG_WARN_OBJC_ROOT_CLASS = YES_ERROR;
				CLANG_WARN_SUSPICIOUS_MOVES = YES;
				CLANG_WARN_UNREACHABLE_CODE = YES;
				CLANG_WARN__DUPLICATE_METHOD_MATCH = YES;
				"CODE_SIGN_IDENTITY[sdk=iphoneos*]" = "iPhone Developer";
				COPY_PHASE_STRIP = NO;
				DEBUG_INFORMATION_FORMAT = "dwarf-with-dsym";
				ENABLE_NS_ASSERTIONS = NO;
				ENABLE_STRICT_OBJC_MSGSEND = YES;
				GCC_C_LANGUAGE_STANDARD = gnu99;
				GCC_NO_COMMON_BLOCKS = YES;
				GCC_WARN_64_TO_32_BIT_CONVERSION = YES;
				GCC_WARN_ABOUT_RETURN_TYPE = YES_ERROR;
				GCC_WARN_UNDECLARED_SELECTOR = YES;
				GCC_WARN_UNINITIALIZED_AUTOS = YES_AGGRESSIVE;
				GCC_WARN_UNUSED_FUNCTION = YES;
				GCC_WARN_UNUSED_VARIABLE = YES;
				IPHONEOS_DEPLOYMENT_TARGET = 10.1;
				MTL_ENABLE_DEBUG_INFO = NO;
				SDKROOT = iphoneos;
				SWIFT_OPTIMIZATION_LEVEL = "-Owholemodule";
				TARGETED_DEVICE_FAMILY = "1,2";
				VALIDATE_PRODUCT = YES;
			};
			name = Release;
		};
		1442CD201DF8534B00D400EB /* Debug */ = {
			isa = XCBuildConfiguration;
			buildSettings = {
				ASSETCATALOG_COMPILER_APPICON_NAME = AppIcon;
				DEVELOPMENT_TEAM = 2JKKE59VQN;
				INFOPLIST_FILE = "Netflix Watchlist/Info.plist";
				LD_RUNPATH_SEARCH_PATHS = "$(inherited) @executable_path/Frameworks";
				PRODUCT_BUNDLE_IDENTIFIER = "nl.mprog.Netflix-Watchlist";
				PRODUCT_NAME = "$(TARGET_NAME)";
				SWIFT_VERSION = 3.0;
			};
			name = Debug;
		};
		1442CD211DF8534B00D400EB /* Release */ = {
			isa = XCBuildConfiguration;
			buildSettings = {
				ASSETCATALOG_COMPILER_APPICON_NAME = AppIcon;
				DEVELOPMENT_TEAM = 2JKKE59VQN;
				INFOPLIST_FILE = "Netflix Watchlist/Info.plist";
				LD_RUNPATH_SEARCH_PATHS = "$(inherited) @executable_path/Frameworks";
				PRODUCT_BUNDLE_IDENTIFIER = "nl.mprog.Netflix-Watchlist";
				PRODUCT_NAME = "$(TARGET_NAME)";
				SWIFT_VERSION = 3.0;
			};
			name = Release;
		};
/* End XCBuildConfiguration section */

/* Begin XCConfigurationList section */
		1442CD081DF8534A00D400EB /* Build configuration list for PBXProject "Netflix Watchlist" */ = {
			isa = XCConfigurationList;
			buildConfigurations = (
				1442CD1D1DF8534B00D400EB /* Debug */,
				1442CD1E1DF8534B00D400EB /* Release */,
			);
			defaultConfigurationIsVisible = 0;
			defaultConfigurationName = Release;
		};
		1442CD1F1DF8534B00D400EB /* Build configuration list for PBXNativeTarget "Netflix Watchlist" */ = {
			isa = XCConfigurationList;
			buildConfigurations = (
				1442CD201DF8534B00D400EB /* Debug */,
				1442CD211DF8534B00D400EB /* Release */,
			);
			defaultConfigurationIsVisible = 0;
		};
/* End XCConfigurationList section */
	};
	rootObject = 1442CD051DF8534A00D400EB /* Project object */;
}
